<?xml version="1.0" encoding="utf-8"?>
<Project ToolsVersion="4.0" xmlns="http://schemas.microsoft.com/developer/msbuild/2003">
  <ItemGroup>
    <Filter Include="Source Files">
      <UniqueIdentifier>{4FC737F1-C7A5-4376-A066-2A32D752A2FF}</UniqueIdentifier>
      <Extensions>cpp;c;cc;cxx;c++;cppm;ixx;def;odl;idl;hpj;bat;asm;asmx</Extensions>
    </Filter>
    <Filter Include="Header Files">
      <UniqueIdentifier>{93995380-89BD-4b04-88EB-625FBE52EBFB}</UniqueIdentifier>
      <Extensions>h;hh;hpp;hxx;h++;hm;inl;inc;ipp;xsd</Extensions>
    </Filter>
    <Filter Include="Resource Files">
      <UniqueIdentifier>{67DA6AB6-F800-4c08-8B7A-83BB121AAD01}</UniqueIdentifier>
      <Extensions>rc;ico;cur;bmp;dlg;rc2;rct;bin;rgs;gif;jpg;jpeg;jpe;resx;tiff;tif;png;wav;mfcribbon-ms</Extensions>
    </Filter>
    <Filter Include="res">
      <UniqueIdentifier>{7a853a1b-b8be-47ef-bfcd-bb1eaeeed98c}</UniqueIdentifier>
    </Filter>
    <Filter Include="res\shader">
      <UniqueIdentifier>{62d77538-aea2-4afa-b8a2-efec970b8c99}</UniqueIdentifier>
    </Filter>
    <Filter Include="BaseGame">
      <UniqueIdentifier>{1429f0a0-33bf-4538-a7d2-0ddd6052ebd6}</UniqueIdentifier>
    </Filter>
    <Filter Include="Camera">
      <UniqueIdentifier>{bfc94dd4-1ed2-44d0-ae60-e1b119342a4c}</UniqueIdentifier>
    </Filter>
    <Filter Include="Collision">
      <UniqueIdentifier>{78c91402-57d3-4401-bb73-8ce5f8740498}</UniqueIdentifier>
    </Filter>
    <Filter Include="Entity">
      <UniqueIdentifier>{9b8b70c4-4e66-4c8d-9cf4-bc930204017b}</UniqueIdentifier>
    </Filter>
    <Filter Include="Input">
      <UniqueIdentifier>{1e43a6cb-0fb8-4052-b6c1-5260ac2264b5}</UniqueIdentifier>
    </Filter>
    <Filter Include="Libraries">
      <UniqueIdentifier>{508b74c3-b4ab-4610-b2bb-cd69b20fa0ee}</UniqueIdentifier>
    </Filter>
    <Filter Include="Renderer">
      <UniqueIdentifier>{6e9d0191-2338-4962-96b1-d558046cb91b}</UniqueIdentifier>
    </Filter>
    <Filter Include="Shape">
      <UniqueIdentifier>{2ecbe018-7e02-4fdd-a196-d0bdcdd39ce3}</UniqueIdentifier>
    </Filter>
    <Filter Include="Sprite">
      <UniqueIdentifier>{b58fa9d8-61d6-437d-a4b6-af1adab8e042}</UniqueIdentifier>
    </Filter>
    <Filter Include="Tilemap">
      <UniqueIdentifier>{869061c3-f00c-4cc3-9692-8fd4c7ec4a71}</UniqueIdentifier>
    </Filter>
    <Filter Include="Utils">
      <UniqueIdentifier>{548101a2-7706-4005-95a6-748805b37353}</UniqueIdentifier>
    </Filter>
    <Filter Include="Window">
      <UniqueIdentifier>{e975a87c-148c-4b69-8b3b-f2840f165a9a}</UniqueIdentifier>
    </Filter>
    <Filter Include="Shader">
      <UniqueIdentifier>{0849127d-7f5d-4e4c-bc90-504cb914d4cd}</UniqueIdentifier>
    </Filter>
    <Filter Include="Shader\Shaders">
      <UniqueIdentifier>{fbdb7480-3ecd-4969-a6b6-8d3824e2597d}</UniqueIdentifier>
    </Filter>
    <Filter Include="Light">
      <UniqueIdentifier>{774783ac-a9c5-4793-b46c-8a99225539e0}</UniqueIdentifier>
    </Filter>
    <Filter Include="Material">
      <UniqueIdentifier>{d4042522-8cb6-41db-8c18-1c3878f8a971}</UniqueIdentifier>
    </Filter>
    <Filter Include="Model Importer">
      <UniqueIdentifier>{7301f316-2b92-4ebb-893d-a566c2a25409}</UniqueIdentifier>
    </Filter>
    <Filter Include="Plane">
      <UniqueIdentifier>{1db244cb-a20b-4fea-adca-ff0528e203d0}</UniqueIdentifier>
    </Filter>
    <Filter Include="Collisions">
      <UniqueIdentifier>{c7d64a75-422f-4df5-b73a-f56cc9ab40a5}</UniqueIdentifier>
    </Filter>
  </ItemGroup>
  <ItemGroup>
    <ClCompile Include="src\Libraries\tinyxml2.cpp">
      <Filter>Libraries</Filter>
    </ClCompile>
    <ClCompile Include="src\Libraries\xmltest.cpp">
      <Filter>Libraries</Filter>
    </ClCompile>
    <ClCompile Include="src\BaseGame\BaseGame.cpp">
      <Filter>BaseGame</Filter>
    </ClCompile>
    <ClCompile Include="src\Camera\Camera.cpp">
      <Filter>Camera</Filter>
    </ClCompile>
    <ClCompile Include="src\Collision\Collision Manager.cpp">
      <Filter>Collision</Filter>
    </ClCompile>
    <ClCompile Include="src\Entity\Entity2D.cpp">
      <Filter>Entity</Filter>
    </ClCompile>
    <ClCompile Include="src\Input\Input.cpp">
      <Filter>Input</Filter>
    </ClCompile>
    <ClCompile Include="src\Renderer\renderer.cpp">
      <Filter>Renderer</Filter>
    </ClCompile>
    <ClCompile Include="src\Shape\Shape.cpp">
      <Filter>Shape</Filter>
    </ClCompile>
    <ClCompile Include="src\Sprite\Animacion.cpp">
      <Filter>Sprite</Filter>
    </ClCompile>
    <ClCompile Include="src\Sprite\Sprite.cpp">
      <Filter>Sprite</Filter>
    </ClCompile>
    <ClCompile Include="src\Tilemap\Tile.cpp">
      <Filter>Tilemap</Filter>
    </ClCompile>
    <ClCompile Include="src\Tilemap\Tilemap.cpp">
      <Filter>Tilemap</Filter>
    </ClCompile>
    <ClCompile Include="src\Utils\TextureImporter.cpp">
      <Filter>Utils</Filter>
    </ClCompile>
    <ClCompile Include="src\Utils\TimeManager.cpp">
      <Filter>Utils</Filter>
    </ClCompile>
    <ClCompile Include="src\Window\Window.cpp">
      <Filter>Window</Filter>
    </ClCompile>
    <ClCompile Include="src\Shader\Shader.cpp">
      <Filter>Shader</Filter>
    </ClCompile>
    <ClCompile Include="src\Light\Light.cpp">
      <Filter>Light</Filter>
    </ClCompile>
    <ClCompile Include="src\Material\Material.cpp">
      <Filter>Material</Filter>
    </ClCompile>
    <ClCompile Include="src\Model Importer\Mesh.cpp">
      <Filter>Model Importer</Filter>
    </ClCompile>
    <ClCompile Include="src\Model Importer\ModelImp.cpp">
      <Filter>Model Importer</Filter>
    </ClCompile>
    <ClCompile Include="src\Entity\Entity.cpp">
      <Filter>Entity</Filter>
    </ClCompile>
    <ClCompile Include="src\Plane\Plane.cpp">
      <Filter>Plane</Filter>
    </ClCompile>
    <ClCompile Include="src\Collisions\AABB.cpp">
      <Filter>Collisions</Filter>
    </ClCompile>
    <ClCompile Include="src\Collisions\BoundingVolume.cpp">
      <Filter>Collisions</Filter>
    </ClCompile>
    <ClCompile Include="src\Collisions\Volume.cpp">
      <Filter>Collisions</Filter>
    </ClCompile>
    <ClCompile Include="src\Collisions\BSPAlgorithm.cpp">
      <Filter>Collisions</Filter>
    </ClCompile>
    <ClCompile Include="src\Entity\Node.cpp">
      <Filter>Entity</Filter>
    </ClCompile>
  </ItemGroup>
  <ItemGroup>
    <ClInclude Include="src\Global.h">
      <Filter>Header Files</Filter>
    </ClInclude>
    <ClInclude Include="src\stb_image.h">
      <Filter>Header Files</Filter>
    </ClInclude>
    <ClInclude Include="src\Frame.h">
      <Filter>Header Files</Filter>
    </ClInclude>
    <ClInclude Include="src\Libraries\tinyxml2.h">
      <Filter>Libraries</Filter>
    </ClInclude>
    <ClInclude Include="src\BaseGame\BaseGame.h">
      <Filter>BaseGame</Filter>
    </ClInclude>
    <ClInclude Include="src\Camera\Camera.h">
      <Filter>Camera</Filter>
    </ClInclude>
    <ClInclude Include="src\Collision\Collision Manager.h">
      <Filter>Collision</Filter>
    </ClInclude>
    <ClInclude Include="src\Entity\Entity2D.h">
      <Filter>Entity</Filter>
    </ClInclude>
    <ClInclude Include="src\Input\Input.h">
      <Filter>Input</Filter>
    </ClInclude>
    <ClInclude Include="src\Shape\Shape.h">
      <Filter>Shape</Filter>
    </ClInclude>
    <ClInclude Include="src\Sprite\Animation.h">
      <Filter>Sprite</Filter>
    </ClInclude>
    <ClInclude Include="src\Sprite\Sprite.h">
      <Filter>Sprite</Filter>
    </ClInclude>
    <ClInclude Include="src\Tilemap\Tile.h">
      <Filter>Tilemap</Filter>
    </ClInclude>
    <ClInclude Include="src\Tilemap\Tilemap.h">
      <Filter>Tilemap</Filter>
    </ClInclude>
    <ClInclude Include="src\Utils\Export.h">
      <Filter>Utils</Filter>
    </ClInclude>
    <ClInclude Include="src\Utils\TextureImporter.h">
      <Filter>Utils</Filter>
    </ClInclude>
    <ClInclude Include="src\Utils\TimeManager.h">
      <Filter>Utils</Filter>
    </ClInclude>
    <ClInclude Include="src\Window\Window.h">
      <Filter>Window</Filter>
    </ClInclude>
    <ClInclude Include="src\Shader\Shader.h">
      <Filter>Shader</Filter>
    </ClInclude>
    <ClInclude Include="src\Light\Light.h">
      <Filter>Light</Filter>
    </ClInclude>
    <ClInclude Include="src\Material\Material.h">
      <Filter>Material</Filter>
    </ClInclude>
    <ClInclude Include="src\Renderer\renderer.h">
      <Filter>Renderer</Filter>
    </ClInclude>
    <ClInclude Include="src\Model Importer\Mesh.h">
      <Filter>Model Importer</Filter>
    </ClInclude>
    <ClInclude Include="src\Model Importer\ModelImp.h">
      <Filter>Model Importer</Filter>
    </ClInclude>
    <ClInclude Include="src\Entity\Entity.h">
      <Filter>Entity</Filter>
    </ClInclude>
    <ClInclude Include="src\Plane\Plane.h">
      <Filter>Plane</Filter>
    </ClInclude>
    <ClInclude Include="src\Collisions\BoundingVolume.h">
      <Filter>Collisions</Filter>
    </ClInclude>
    <ClInclude Include="src\Collisions\Volume.h">
      <Filter>Collisions</Filter>
    </ClInclude>
    <ClInclude Include="src\Collisions\AABB.h">
      <Filter>Collisions</Filter>
    </ClInclude>
    <ClInclude Include="src\Collisions\BSPAlgorithm.h">
      <Filter>Collisions</Filter>
    </ClInclude>
    <ClInclude Include="src\Entity\Node.h">
      <Filter>Entity</Filter>
    </ClInclude>
  </ItemGroup>
  <ItemGroup>
    <None Include="..\res\shader\Fragment.shader">
      <Filter>res\shader</Filter>
    </None>
    <None Include="..\res\shader\Vertex.shader">
      <Filter>res\shader</Filter>
    </None>
    <None Include="..\res\shader\TextureFragment.shader">
      <Filter>res\shader</Filter>
    </None>
    <None Include="..\res\shader\TextureVertex.shader">
      <Filter>res\shader</Filter>
    </None>
    <None Include="src\Shader\shader\fragment.frag">
      <Filter>Shader\Shaders</Filter>
    </None>
    <None Include="src\Shader\shader\texture_frag.frag">
      <Filter>Shader\Shaders</Filter>
    </None>
    <None Include="src\Shader\shader\texture_vert.vert">
      <Filter>Shader\Shaders</Filter>
    </None>
    <None Include="src\Shader\shader\vertex.vert">
      <Filter>Shader\Shaders</Filter>
    </None>
    <None Include="src\Shader\shader\lightFragmentShader.frag">
      <Filter>Shader\Shaders</Filter>
    </None>
    <None Include="src\Shader\shader\lightVertexShader.vert">
      <Filter>Shader\Shaders</Filter>
    </None>
  </ItemGroup>
</Project>